<Solution>
  <Folder Name="/EStoreAdmin/">
    <Project Path="EStoreAdmin/EStoreAdminModel/EStoreAdminModel.csproj" Id="208a2509-1869-4dcc-9428-33ffeead191f" />
    <Project Path="EStoreAdmin/EStoreAdminModule/EStoreAdminModule.csproj" Id="ad2d9999-40e8-41bd-b865-fb379a7fd70b" />
    <Project Path="EStoreAdmin/EStoreAdminService/EStoreAdminService.csproj" Id="55ec5913-e7f5-48a3-8aad-0051a04d8ff6" />
  </Folder>
</Solution>
